
Microsoft Visual Studio Solution File, Format Version 12.00
# Visual Studio Version 17
VisualStudioVersion = 17.13.35913.81 d17.13
MinimumVisualStudioVersion = 10.0.40219.1
Project("{FAE04EC0-301F-11D3-BF4B-00C04F79EFBC}") = "WebApiAuthDemo", "WebApiAuthDemo\WebApiAuthDemo.csproj", "{47E7947B-B412-4EF5-80DC-86317A083DA4}"
EndProject
Global
	GlobalSection(SolutionConfigurationPlatforms) = preSolution
		Debug|Any CPU = Debug|Any CPU
		Release|Any CPU = Release|Any CPU
	EndGlobalSection
	GlobalSection(ProjectConfigurationPlatforms) = postSolution
		{47E7947B-B412-4EF5-80DC-86317A083DA4}.Debug|Any CPU.ActiveCfg = Debug|Any CPU
		{47E7947B-B412-4EF5-80DC-86317A083DA4}.Debug|Any CPU.Build.0 = Debug|Any CPU
		{47E7947B-B412-4EF5-80DC-86317A083DA4}.Release|Any CPU.ActiveCfg = Release|Any CPU
		{47E7947B-B412-4EF5-80DC-86317A083DA4}.Release|Any CPU.Build.0 = Release|Any CPU
	EndGlobalSection
	GlobalSection(SolutionProperties) = preSolution
		HideSolutionNode = FALSE
	EndGlobalSection
	GlobalSection(ExtensibilityGlobals) = postSolution
		SolutionGuid = {5B18F51F-5E10-42BC-ADD2-E8D61C698711}
	EndGlobalSection
EndGlobal
